
Microsoft Visual Studio Solution File, Format Version 12.00
# Visual Studio Version 17
VisualStudioVersion = 17.0.31919.166
MinimumVisualStudioVersion = 10.0.40219.1
Project("{FAE04EC0-301F-11D3-BF4B-00C04F79EFBC}") = "Payment.Api", "Payment.Api\Payment.Api.csproj", "{BBF2D0CB-4864-4DC2-B07A-53601FA60888}"
EndProject
Global
	GlobalSection(SolutionConfigurationPlatforms) = preSolution
		Debug|Any CPU = Debug|Any CPU
		Release|Any CPU = Release|Any CPU
	EndGlobalSection
	GlobalSection(ProjectConfigurationPlatforms) = postSolution
		{BBF2D0CB-4864-4DC2-B07A-53601FA60888}.Debug|Any CPU.ActiveCfg = Debug|Any CPU
		{BBF2D0CB-4864-4DC2-B07A-53601FA60888}.Debug|Any CPU.Build.0 = Debug|Any CPU
		{BBF2D0CB-4864-4DC2-B07A-53601FA60888}.Release|Any CPU.ActiveCfg = Release|Any CPU
		{BBF2D0CB-4864-4DC2-B07A-53601FA60888}.Release|Any CPU.Build.0 = Release|Any CPU
	EndGlobalSection
	GlobalSection(SolutionProperties) = preSolution
		HideSolutionNode = FALSE
	EndGlobalSection
	GlobalSection(ExtensibilityGlobals) = postSolution
		SolutionGuid = {75B73C60-93B0-48A6-A6B2-7703C1E51DB4}
	EndGlobalSection
EndGlobal
